// !$*UTF8*$!
{
	archiveVersion = 1;
	classes = {
	};
	objectVersion = 50;
	objects = {

/* Begin PBXBuildFile section */
		6721245F21708B6D00085073 /* IAPClass.m in Sources */ = {isa = PBXBuildFile; fileRef = 6721245E21708B6D00085073 /* IAPClass.m */; };
		673E6477215E0A7A00952D3F /* AppDelegate.m in Sources */ = {isa = PBXBuildFile; fileRef = 673E6476215E0A7A00952D3F /* AppDelegate.m */; };
		673E647A215E0A7A00952D3F /* ViewController.m in Sources */ = {isa = PBXBuildFile; fileRef = 673E6479215E0A7A00952D3F /* ViewController.m */; };
		673E647D215E0A7A00952D3F /* Main.storyboard in Resources */ = {isa = PBXBuildFile; fileRef = 673E647B215E0A7A00952D3F /* Main.storyboard */; };
		673E647F215E0A7F00952D3F /* Assets.xcassets in Resources */ = {isa = PBXBuildFile; fileRef = 673E647E215E0A7F00952D3F /* Assets.xcassets */; };
		673E6482215E0A7F00952D3F /* LaunchScreen.storyboard in Resources */ = {isa = PBXBuildFile; fileRef = 673E6480215E0A7F00952D3F /* LaunchScreen.storyboard */; };
		673E6485215E0A7F00952D3F /* main.m in Sources */ = {isa = PBXBuildFile; fileRef = 673E6484215E0A7F00952D3F /* main.m */; };
/* End PBXBuildFile section */

/* Begin PBXFileReference section */
		6721245D21708B6D00085073 /* IAPClass.h */ = {isa = PBXFileReference; lastKnownFileType = sourcecode.c.h; path = IAPClass.h; sourceTree = "<group>"; };
		6721245E21708B6D00085073 /* IAPClass.m */ = {isa = PBXFileReference; lastKnownFileType = sourcecode.c.objc; path = IAPClass.m; sourceTree = "<group>"; };
		673E6472215E0A7A00952D3F /* IAPTestDemo.app */ = {isa = PBXFileReference; explicitFileType = wrapper.application; includeInIndex = 0; path = IAPTestDemo.app; sourceTree = BUILT_PRODUCTS_DIR; };
		673E6475215E0A7A00952D3F /* AppDelegate.h */ = {isa = PBXFileReference; lastKnownFileType = sourcecode.c.h; path = AppDelegate.h; sourceTree = "<group>"; };
		673E6476215E0A7A00952D3F /* AppDelegate.m */ = {isa = PBXFileReference; lastKnownFileType = sourcecode.c.objc; path = AppDelegate.m; sourceTree = "<group>"; };
		673E6478215E0A7A00952D3F /* ViewController.h */ = {isa = PBXFileReference; lastKnownFileType = sourcecode.c.h; path = ViewController.h; sourceTree = "<group>"; };
		673E6479215E0A7A00952D3F /* ViewController.m */ = {isa = PBXFileReference; lastKnownFileType = sourcecode.c.objc; path = ViewController.m; sourceTree = "<group>"; };
		673E647C215E0A7A00952D3F /* Base */ = {isa = PBXFileReference; lastKnownFileType = file.storyboard; name = Base; path = Base.lproj/Main.storyboard; sourceTree = "<group>"; };
		673E647E215E0A7F00952D3F /* Assets.xcassets */ = {isa = PBXFileReference; lastKnownFileType = folder.assetcatalog; path = Assets.xcassets; sourceTree = "<group>"; };
		673E6481215E0A7F00952D3F /* Base */ = {isa = PBXFileReference; lastKnownFileType = file.storyboard; name = Base; path = Base.lproj/LaunchScreen.storyboard; sourceTree = "<group>"; };
		673E6483215E0A7F00952D3F /* Info.plist */ = {isa = PBXFileReference; lastKnownFileType = text.plist.xml; path = Info.plist; sourceTree = "<group>"; };
		673E6484215E0A7F00952D3F /* main.m */ = {isa = PBXFileReference; lastKnownFileType = sourcecode.c.objc; path = main.m; sourceTree = "<group>"; };
/* End PBXFileReference section */

/* Begin PBXFrameworksBuildPhase section */
		673E646F215E0A7A00952D3F /* Frameworks */ = {
			isa = PBXFrameworksBuildPhase;
			buildActionMask = 2147483647;
			files = (
			);
			runOnlyForDeploymentPostprocessing = 0;
		};
/* End PBXFrameworksBuildPhase section */

/* Begin PBXGroup section */
		673E6469215E0A7A00952D3F = {
			isa = PBXGroup;
			children = (
				673E6474215E0A7A00952D3F /* IAPTestDemo */,
				673E6473215E0A7A00952D3F /* Products */,
			);
			sourceTree = "<group>";
		};
		673E6473215E0A7A00952D3F /* Products */ = {
			isa = PBXGroup;
			children = (
				673E6472215E0A7A00952D3F /* IAPTestDemo.app */,
			);
			name = Products;
			sourceTree = "<group>";
		};
		673E6474215E0A7A00952D3F /* IAPTestDemo */ = {
			isa = PBXGroup;
			children = (
				673E6475215E0A7A00952D3F /* AppDelegate.h */,
				673E6476215E0A7A00952D3F /* AppDelegate.m */,
				673E6478215E0A7A00952D3F /* ViewController.h */,
				673E6479215E0A7A00952D3F /* ViewController.m */,
				6721245D21708B6D00085073 /* IAPClass.h */,
				6721245E21708B6D00085073 /* IAPClass.m */,
				673E647B215E0A7A00952D3F /* Main.storyboard */,
				673E647E215E0A7F00952D3F /* Assets.xcassets */,
				673E6480215E0A7F00952D3F /* LaunchScreen.storyboard */,
				673E6483215E0A7F00952D3F /* Info.plist */,
				673E6484215E0A7F00952D3F /* main.m */,
			);
			path = IAPTestDemo;
			sourceTree = "<group>";
		};
/* End PBXGroup section */

/* Begin PBXNativeTarget section */
		673E6471215E0A7A00952D3F /* IAPTestDemo */ = {
			isa = PBXNativeTarget;
			buildConfigurationList = 673E6488215E0A7F00952D3F /* Build configuration list for PBXNativeTarget "IAPTestDemo" */;
			buildPhases = (
				673E646E215E0A7A00952D3F /* Sources */,
				673E646F215E0A7A00952D3F /* Frameworks */,
				673E6470215E0A7A00952D3F /* Resources */,
			);
			buildRules = (
			);
			dependencies = (
			);
			name = IAPTestDemo;
			productName = IAPTestDemo;
			productReference = 673E6472215E0A7A00952D3F /* IAPTestDemo.app */;
			productType = "com.apple.product-type.application";
		};
/* End PBXNativeTarget section */

/* Begin PBXProject section */
		673E646A215E0A7A00952D3F /* Project object */ = {
			isa = PBXProject;
			attributes = {
				LastUpgradeCheck = 1000;
				ORGANIZATIONNAME = "李一贤";
				TargetAttributes = {
					673E6471215E0A7A00952D3F = {
						CreatedOnToolsVersion = 10.0;
					};
				};
			};
			buildConfigurationList = 673E646D215E0A7A00952D3F /* Build configuration list for PBXProject "IAPTestDemo" */;
			compatibilityVersion = "Xcode 9.3";
			developmentRegion = en;
			hasScannedForEncodings = 0;
			knownRegions = (
				en,
				Base,
			);
			mainGroup = 673E6469215E0A7A00952D3F;
			productRefGroup = 673E6473215E0A7A00952D3F /* Products */;
			projectDirPath = "";
			projectRoot = "";
			targets = (
				673E6471215E0A7A00952D3F /* IAPTestDemo */,
			);
		};
/* End PBXProject section */

/* Begin PBXResourcesBuildPhase section */
		673E6470215E0A7A00952D3F /* Resources */ = {
			isa = PBXResourcesBuildPhase;
			buildActionMask = 2147483647;
			files = (
				673E6482215E0A7F00952D3F /* LaunchScreen.storyboard in Resources */,
				673E647F215E0A7F00952D3F /* Assets.xcassets in Resources */,
				673E647D215E0A7A00952D3F /* Main.storyboard in Resources */,
			);
			runOnlyForDeploymentPostprocessing = 0;
		};
/* End PBXResourcesBuildPhase section */

/* Begin PBXSourcesBuildPhase section */
		673E646E215E0A7A00952D3F /* Sources */ = {
			isa = PBXSourcesBuildPhase;
			buildActionMask = 2147483647;
			files = (
				673E647A215E0A7A00952D3F /* ViewController.m in Sources */,
				6721245F21708B6D00085073 /* IAPClass.m in Sources */,
				673E6485215E0A7F00952D3F /* main.m in Sources */,
				673E6477215E0A7A00952D3F /* AppDelegate.m in Sources */,
			);
			runOnlyForDeploymentPostprocessing = 0;
		};
/* End PBXSourcesBuildPhase section */

/* Begin PBXVariantGroup section */
		673E647B215E0A7A00952D3F /* Main.storyboard */ = {
			isa = PBXVariantGroup;
			children = (
				673E647C215E0A7A00952D3F /* Base */,
			);
			name = Main.storyboard;
			sourceTree = "<group>";
		};
		673E6480215E0A7F00952D3F /* LaunchScreen.storyboard */ = {
			isa = PBXVariantGroup;
			children = (
				673E6481215E0A7F00952D3F /* Base */,
			);
			name = LaunchScreen.storyboard;
			sourceTree = "<group>";
		};
/* End PBXVariantGroup section */

/* Begin XCBuildConfiguration section */
		673E6486215E0A7F00952D3F /* Debug */ = {
			isa = XCBuildConfiguration;
			buildSettings = {
				ALWAYS_SEARCH_USER_PATHS = NO;
				CLANG_ANALYZER_NONNULL = YES;
				CLANG_ANALYZER_NUMBER_OBJECT_CONVERSION = YES_AGGRESSIVE;
				CLANG_CXX_LANGUAGE_STANDARD = "gnu++14";
				CLANG_CXX_LIBRARY = "libc++";
				CLANG_ENABLE_MODULES = YES;
				CLANG_ENABLE_OBJC_ARC = YES;
				CLANG_ENABLE_OBJC_WEAK = YES;
				CLANG_WARN_BLOCK_CAPTURE_AUTORELEASING = YES;
				CLANG_WARN_BOOL_CONVERSION = YES;
				CLANG_WARN_COMMA = YES;
				CLANG_WARN_CONSTANT_CONVERSION = YES;
				CLANG_WARN_DEPRECATED_OBJC_IMPLEMENTATIONS = YES;
				CLANG_WARN_DIRECT_OBJC_ISA_USAGE = YES_ERROR;
				CLANG_WARN_DOCUMENTATION_COMMENTS = YES;
				CLANG_WARN_EMPTY_BODY = YES;
				CLANG_WARN_ENUM_CONVERSION = YES;
				CLANG_WARN_INFINITE_RECURSION = YES;
				CLANG_WARN_INT_CONVERSION = YES;
				CLANG_WARN_NON_LITERAL_NULL_CONVERSION = YES;
				CLANG_WARN_OBJC_IMPLICIT_RETAIN_SELF = YES;
				CLANG_WARN_OBJC_LITERAL_CONVERSION = YES;
				CLANG_WARN_OBJC_ROOT_CLASS = YES_ERROR;
				CLANG_WARN_RANGE_LOOP_ANALYSIS = YES;
				CLANG_WARN_STRICT_PROTOTYPES = YES;
				CLANG_WARN_SUSPICIOUS_MOVE = YES;
				CLANG_WARN_UNGUARDED_AVAILABILITY = YES_AGGRESSIVE;
				CLANG_WARN_UNREACHABLE_CODE = YES;
				CLANG_WARN__DUPLICATE_METHOD_MATCH = YES;
				CODE_SIGN_IDENTITY = "iPhone Developer";
				COPY_PHASE_STRIP = NO;
				DEBUG_INFORMATION_FORMAT = dwarf;
				ENABLE_STRICT_OBJC_MSGSEND = YES;
				ENABLE_TESTABILITY = YES;
				GCC_C_LANGUAGE_STANDARD = gnu11;
				GCC_DYNAMIC_NO_PIC = NO;
				GCC_NO_COMMON_BLOCKS = YES;
				GCC_OPTIMIZATION_LEVEL = 0;
				GCC_PREPROCESSOR_DEFINITIONS = (
					"DEBUG=1",
					"$(inherited)",
				);
				GCC_WARN_64_TO_32_BIT_CONVERSION = YES;
				GCC_WARN_ABOUT_RETURN_TYPE = YES_ERROR;
				GCC_WARN_UNDECLARED_SELECTOR = YES;
				GCC_WARN_UNINITIALIZED_AUTOS = YES_AGGRESSIVE;
				GCC_WARN_UNUSED_FUNCTION = YES;
				GCC_WARN_UNUSED_VARIABLE = YES;
				IPHONEOS_DEPLOYMENT_TARGET = 12.0;
				MTL_ENABLE_DEBUG_INFO = INCLUDE_SOURCE;
				MTL_FAST_MATH = YES;
				ONLY_ACTIVE_ARCH = YES;
				SDKROOT = iphoneos;
			};
			name = Debug;
		};
		673E6487215E0A7F00952D3F /* Release */ = {
			isa = XCBuildConfiguration;
			buildSettings = {
				ALWAYS_SEARCH_USER_PATHS = NO;
				CLANG_ANALYZER_NONNULL = YES;
				CLANG_ANALYZER_NUMBER_OBJECT_CONVERSION = YES_AGGRESSIVE;
				CLANG_CXX_LANGUAGE_STANDARD = "gnu++14";
				CLANG_CXX_LIBRARY = "libc++";
				CLANG_ENABLE_MODULES = YES;
				CLANG_ENABLE_OBJC_ARC = YES;
				CLANG_ENABLE_OBJC_WEAK = YES;
				CLANG_WARN_BLOCK_CAPTURE_AUTORELEASING = YES;
				CLANG_WARN_BOOL_CONVERSION = YES;
				CLANG_WARN_COMMA = YES;
				CLANG_WARN_CONSTANT_CONVERSION = YES;
				CLANG_WARN_DEPRECATED_OBJC_IMPLEMENTATIONS = YES;
				CLANG_WARN_DIRECT_OBJC_ISA_USAGE = YES_ERROR;
				CLANG_WARN_DOCUMENTATION_COMMENTS = YES;
				CLANG_WARN_EMPTY_BODY = YES;
				CLANG_WARN_ENUM_CONVERSION = YES;
				CLANG_WARN_INFINITE_RECURSION = YES;
				CLANG_WARN_INT_CONVERSION = YES;
				CLANG_WARN_NON_LITERAL_NULL_CONVERSION = YES;
				CLANG_WARN_OBJC_IMPLICIT_RETAIN_SELF = YES;
				CLANG_WARN_OBJC_LITERAL_CONVERSION = YES;
				CLANG_WARN_OBJC_ROOT_CLASS = YES_ERROR;
				CLANG_WARN_RANGE_LOOP_ANALYSIS = YES;
				CLANG_WARN_STRICT_PROTOTYPES = YES;
				CLANG_WARN_SUSPICIOUS_MOVE = YES;
				CLANG_WARN_UNGUARDED_AVAILABILITY = YES_AGGRESSIVE;
				CLANG_WARN_UNREACHABLE_CODE = YES;
				CLANG_WARN__DUPLICATE_METHOD_MATCH = YES;
				CODE_SIGN_IDENTITY = "iPhone Developer";
				COPY_PHASE_STRIP = NO;
				DEBUG_INFORMATION_FORMAT = "dwarf-with-dsym";
				ENABLE_NS_ASSERTIONS = NO;
				ENABLE_STRICT_OBJC_MSGSEND = YES;
				GCC_C_LANGUAGE_STANDARD = gnu11;
				GCC_NO_COMMON_BLOCKS = YES;
				GCC_WARN_64_TO_32_BIT_CONVERSION = YES;
				GCC_WARN_ABOUT_RETURN_TYPE = YES_ERROR;
				GCC_WARN_UNDECLARED_SELECTOR = YES;
				GCC_WARN_UNINITIALIZED_AUTOS = YES_AGGRESSIVE;
				GCC_WARN_UNUSED_FUNCTION = YES;
				GCC_WARN_UNUSED_VARIABLE = YES;
				IPHONEOS_DEPLOYMENT_TARGET = 12.0;
				MTL_ENABLE_DEBUG_INFO = NO;
				MTL_FAST_MATH = YES;
				SDKROOT = iphoneos;
				VALIDATE_PRODUCT = YES;
			};
			name = Release;
		};
		673E6489215E0A7F00952D3F /* Debug */ = {
			isa = XCBuildConfiguration;
			buildSettings = {
				ASSETCATALOG_COMPILER_APPICON_NAME = AppIcon;
				CODE_SIGN_STYLE = Manual;
				DEVELOPMENT_TEAM = CH78CKY35H;
				INFOPLIST_FILE = IAPTestDemo/Info.plist;
				LD_RUNPATH_SEARCH_PATHS = (
					"$(inherited)",
					"@executable_path/Frameworks",
				);
				PRODUCT_BUNDLE_IDENTIFIER = com.kaolasdk.test20180321;
				PRODUCT_NAME = "$(TARGET_NAME)";
				PROVISIONING_PROFILE_SPECIFIER = debug_0314_dev;
				TARGETED_DEVICE_FAMILY = "1,2";
			};
			name = Debug;
		};
		673E648A215E0A7F00952D3F /* Release */ = {
			isa = XCBuildConfiguration;
			buildSettings = {
				ASSETCATALOG_COMPILER_APPICON_NAME = AppIcon;
				CODE_SIGN_STYLE = Manual;
				DEVELOPMENT_TEAM = CH78CKY35H;
				INFOPLIST_FILE = IAPTestDemo/Info.plist;
				LD_RUNPATH_SEARCH_PATHS = (
					"$(inherited)",
					"@executable_path/Frameworks",
				);
				PRODUCT_BUNDLE_IDENTIFIER = com.kaolasdk.test20180321;
				PRODUCT_NAME = "$(TARGET_NAME)";
				PROVISIONING_PROFILE_SPECIFIER = debug_0314_dev;
				TARGETED_DEVICE_FAMILY = "1,2";
			};
			name = Release;
		};
/* End XCBuildConfiguration section */

/* Begin XCConfigurationList section */
		673E646D215E0A7A00952D3F /* Build configuration list for PBXProject "IAPTestDemo" */ = {
			isa = XCConfigurationList;
			buildConfigurations = (
				673E6486215E0A7F00952D3F /* Debug */,
				673E6487215E0A7F00952D3F /* Release */,
			);
			defaultConfigurationIsVisible = 0;
			defaultConfigurationName = Release;
		};
		673E6488215E0A7F00952D3F /* Build configuration list for PBXNativeTarget "IAPTestDemo" */ = {
			isa = XCConfigurationList;
			buildConfigurations = (
				673E6489215E0A7F00952D3F /* Debug */,
				673E648A215E0A7F00952D3F /* Release */,
			);
			defaultConfigurationIsVisible = 0;
			defaultConfigurationName = Release;
		};
/* End XCConfigurationList section */
	};
	rootObject = 673E646A215E0A7A00952D3F /* Project object */;
}
